
Microsoft Visual Studio Solution File, Format Version 12.00
# Visual Studio Version 17
VisualStudioVersion = 17.3.32929.385
MinimumVisualStudioVersion = 10.0.40219.1
Project("{FAE04EC0-301F-11D3-BF4B-00C04F79EFBC}") = "CRM01", "CRM01.csproj", "{0264F488-674D-4F6E-8F86-FBC4A0F7A235}"
EndProject
Global
	GlobalSection(SolutionConfigurationPlatforms) = preSolution
		Debug|Any CPU = Debug|Any CPU
		Release|Any CPU = Release|Any CPU
	EndGlobalSection
	GlobalSection(ProjectConfigurationPlatforms) = postSolution
		{0264F488-674D-4F6E-8F86-FBC4A0F7A235}.Debug|Any CPU.ActiveCfg = Debug|Any CPU
		{0264F488-674D-4F6E-8F86-FBC4A0F7A235}.Debug|Any CPU.Build.0 = Debug|Any CPU
		{0264F488-674D-4F6E-8F86-FBC4A0F7A235}.Release|Any CPU.ActiveCfg = Release|Any CPU
		{0264F488-674D-4F6E-8F86-FBC4A0F7A235}.Release|Any CPU.Build.0 = Release|Any CPU
	EndGlobalSection
	GlobalSection(SolutionProperties) = preSolution
		HideSolutionNode = FALSE
	EndGlobalSection
	GlobalSection(ExtensibilityGlobals) = postSolution
		SolutionGuid = {D247A721-D02B-4F30-97F1-33FAEF7AE807}
	EndGlobalSection
EndGlobal
